
Microsoft Visual Studio Solution File, Format Version 12.00
# Visual Studio Version 17
VisualStudioVersion = 17.10.35013.160
MinimumVisualStudioVersion = 10.0.40219.1
Project("{FAE04EC0-301F-11D3-BF4B-00C04F79EFBC}") = "WorkQueue", "WorkQueue.csproj", "{1DF69D9A-AA5E-43A7-B289-F5F29A0CEF72}"
EndProject
Project("{FAE04EC0-301F-11D3-BF4B-00C04F79EFBC}") = "Producer", "..\Producer\Producer.csproj", "{F4EE5E67-EC9C-4CA9-8D2E-8F602837E06B}"
EndProject
Global
	GlobalSection(SolutionConfigurationPlatforms) = preSolution
		Debug|Any CPU = Debug|Any CPU
		Release|Any CPU = Release|Any CPU
	EndGlobalSection
	GlobalSection(ProjectConfigurationPlatforms) = postSolution
		{1DF69D9A-AA5E-43A7-B289-F5F29A0CEF72}.Debug|Any CPU.ActiveCfg = Debug|Any CPU
		{1DF69D9A-AA5E-43A7-B289-F5F29A0CEF72}.Debug|Any CPU.Build.0 = Debug|Any CPU
		{1DF69D9A-AA5E-43A7-B289-F5F29A0CEF72}.Release|Any CPU.ActiveCfg = Release|Any CPU
		{1DF69D9A-AA5E-43A7-B289-F5F29A0CEF72}.Release|Any CPU.Build.0 = Release|Any CPU
		{F4EE5E67-EC9C-4CA9-8D2E-8F602837E06B}.Debug|Any CPU.ActiveCfg = Debug|Any CPU
		{F4EE5E67-EC9C-4CA9-8D2E-8F602837E06B}.Debug|Any CPU.Build.0 = Debug|Any CPU
		{F4EE5E67-EC9C-4CA9-8D2E-8F602837E06B}.Release|Any CPU.ActiveCfg = Release|Any CPU
		{F4EE5E67-EC9C-4CA9-8D2E-8F602837E06B}.Release|Any CPU.Build.0 = Release|Any CPU
	EndGlobalSection
	GlobalSection(SolutionProperties) = preSolution
		HideSolutionNode = FALSE
	EndGlobalSection
	GlobalSection(ExtensibilityGlobals) = postSolution
		SolutionGuid = {ACC223AD-28CE-4D22-8323-A35A7E324E4A}
	EndGlobalSection
EndGlobal
