
Microsoft Visual Studio Solution File, Format Version 12.00
# Visual Studio Version 17
VisualStudioVersion = 17.10.35013.160
MinimumVisualStudioVersion = 10.0.40219.1
Project("{9A19103F-16F7-4668-BE54-9A1E7A4F7556}") = "WorkQueue", "WorkQueue.csproj", "{1DF69D9A-AA5E-43A7-B289-F5F29A0CEF72}"
EndProject
Project("{9A19103F-16F7-4668-BE54-9A1E7A4F7556}") = "Producer", "..\Producer\Producer.csproj", "{F4EE5E67-EC9C-4CA9-8D2E-8F602837E06B}"
EndProject
Project("{FAE04EC0-301F-11D3-BF4B-00C04F79EFBC}") = "RabbitMq", "..\RabbitMq\RabbitMq.csproj", "{E52FB250-44E6-4DC2-A0F3-E3F0242E5197}"
EndProject
Project("{FAE04EC0-301F-11D3-BF4B-00C04F79EFBC}") = "Consumer", "..\Consumer\Consumer.csproj", "{D9060F24-3595-4B6D-8775-15B68B10A02E}"
EndProject
Project("{FAE04EC0-301F-11D3-BF4B-00C04F79EFBC}") = "ConsumerConsole", "..\ConsumerConsole\ConsumerConsole.csproj", "{9DA7F2FA-C289-4B0C-8562-95FBA449CC29}"
EndProject
Project("{FAE04EC0-301F-11D3-BF4B-00C04F79EFBC}") = "Common", "..\Common\Common.csproj", "{DE7C1A1D-564A-44E2-B151-29988892A494}"
EndProject
Global
	GlobalSection(SolutionConfigurationPlatforms) = preSolution
		Debug|Any CPU = Debug|Any CPU
		Release|Any CPU = Release|Any CPU
	EndGlobalSection
	GlobalSection(ProjectConfigurationPlatforms) = postSolution
		{1DF69D9A-AA5E-43A7-B289-F5F29A0CEF72}.Debug|Any CPU.ActiveCfg = Debug|Any CPU
		{1DF69D9A-AA5E-43A7-B289-F5F29A0CEF72}.Debug|Any CPU.Build.0 = Debug|Any CPU
		{1DF69D9A-AA5E-43A7-B289-F5F29A0CEF72}.Release|Any CPU.ActiveCfg = Release|Any CPU
		{1DF69D9A-AA5E-43A7-B289-F5F29A0CEF72}.Release|Any CPU.Build.0 = Release|Any CPU
		{F4EE5E67-EC9C-4CA9-8D2E-8F602837E06B}.Debug|Any CPU.ActiveCfg = Debug|Any CPU
		{F4EE5E67-EC9C-4CA9-8D2E-8F602837E06B}.Debug|Any CPU.Build.0 = Debug|Any CPU
		{F4EE5E67-EC9C-4CA9-8D2E-8F602837E06B}.Release|Any CPU.ActiveCfg = Release|Any CPU
		{F4EE5E67-EC9C-4CA9-8D2E-8F602837E06B}.Release|Any CPU.Build.0 = Release|Any CPU
		{E52FB250-44E6-4DC2-A0F3-E3F0242E5197}.Debug|Any CPU.ActiveCfg = Debug|Any CPU
		{E52FB250-44E6-4DC2-A0F3-E3F0242E5197}.Debug|Any CPU.Build.0 = Debug|Any CPU
		{E52FB250-44E6-4DC2-A0F3-E3F0242E5197}.Release|Any CPU.ActiveCfg = Release|Any CPU
		{E52FB250-44E6-4DC2-A0F3-E3F0242E5197}.Release|Any CPU.Build.0 = Release|Any CPU
		{D9060F24-3595-4B6D-8775-15B68B10A02E}.Debug|Any CPU.ActiveCfg = Debug|Any CPU
		{D9060F24-3595-4B6D-8775-15B68B10A02E}.Debug|Any CPU.Build.0 = Debug|Any CPU
		{D9060F24-3595-4B6D-8775-15B68B10A02E}.Release|Any CPU.ActiveCfg = Release|Any CPU
		{D9060F24-3595-4B6D-8775-15B68B10A02E}.Release|Any CPU.Build.0 = Release|Any CPU
		{9DA7F2FA-C289-4B0C-8562-95FBA449CC29}.Debug|Any CPU.ActiveCfg = Debug|Any CPU
		{9DA7F2FA-C289-4B0C-8562-95FBA449CC29}.Debug|Any CPU.Build.0 = Debug|Any CPU
		{9DA7F2FA-C289-4B0C-8562-95FBA449CC29}.Release|Any CPU.ActiveCfg = Release|Any CPU
		{9DA7F2FA-C289-4B0C-8562-95FBA449CC29}.Release|Any CPU.Build.0 = Release|Any CPU
		{DE7C1A1D-564A-44E2-B151-29988892A494}.Debug|Any CPU.ActiveCfg = Debug|Any CPU
		{DE7C1A1D-564A-44E2-B151-29988892A494}.Debug|Any CPU.Build.0 = Debug|Any CPU
		{DE7C1A1D-564A-44E2-B151-29988892A494}.Release|Any CPU.ActiveCfg = Release|Any CPU
		{DE7C1A1D-564A-44E2-B151-29988892A494}.Release|Any CPU.Build.0 = Release|Any CPU
	EndGlobalSection
	GlobalSection(SolutionProperties) = preSolution
		HideSolutionNode = FALSE
	EndGlobalSection
	GlobalSection(ExtensibilityGlobals) = postSolution
		SolutionGuid = {ACC223AD-28CE-4D22-8323-A35A7E324E4A}
	EndGlobalSection
EndGlobal
